
Microsoft Visual Studio Solution File, Format Version 12.00
# Visual Studio Version 16
VisualStudioVersion = 16.0.30204.135
MinimumVisualStudioVersion = 10.0.40219.1
Project("{9A19103F-16F7-4668-BE54-9A1E7A4F7556}") = "Universidad", "Universidad\Universidad.csproj", "{384489F9-FD10-4F40-8ABE-BC14E43EC12E}"
EndProject
Project("{FAE04EC0-301F-11D3-BF4B-00C04F79EFBC}") = "Universidad.Utility", "Universidad.Utility\Universidad.Utility.csproj", "{CAB64935-550E-4C18-AD25-2800FAD2B47F}"
EndProject
Global
	GlobalSection(SolutionConfigurationPlatforms) = preSolution
		Debug|Any CPU = Debug|Any CPU
		Release|Any CPU = Release|Any CPU
	EndGlobalSection
	GlobalSection(ProjectConfigurationPlatforms) = postSolution
		{384489F9-FD10-4F40-8ABE-BC14E43EC12E}.Debug|Any CPU.ActiveCfg = Debug|Any CPU
		{384489F9-FD10-4F40-8ABE-BC14E43EC12E}.Debug|Any CPU.Build.0 = Debug|Any CPU
		{384489F9-FD10-4F40-8ABE-BC14E43EC12E}.Release|Any CPU.ActiveCfg = Release|Any CPU
		{384489F9-FD10-4F40-8ABE-BC14E43EC12E}.Release|Any CPU.Build.0 = Release|Any CPU
		{CAB64935-550E-4C18-AD25-2800FAD2B47F}.Debug|Any CPU.ActiveCfg = Debug|Any CPU
		{CAB64935-550E-4C18-AD25-2800FAD2B47F}.Debug|Any CPU.Build.0 = Debug|Any CPU
		{CAB64935-550E-4C18-AD25-2800FAD2B47F}.Release|Any CPU.ActiveCfg = Release|Any CPU
		{CAB64935-550E-4C18-AD25-2800FAD2B47F}.Release|Any CPU.Build.0 = Release|Any CPU
	EndGlobalSection
	GlobalSection(SolutionProperties) = preSolution
		HideSolutionNode = FALSE
	EndGlobalSection
	GlobalSection(ExtensibilityGlobals) = postSolution
		SolutionGuid = {3A71ADC8-0481-4711-9FDA-CED8D73C5351}
	EndGlobalSection
EndGlobal
